# THIS IS AN AUTOGENERATED FILE. DO NOT EDIT THIS FILE DIRECTLY.
# yarn lockfile v1


"@types/ejs@^2.6.3":
  version "2.6.3"
  resolved "https://registry.yarnpkg.com/@types/ejs/-/ejs-2.6.3.tgz#b6509e9925d7eb5e95c8c73b6492e5baae7c1e6a"
  integrity sha512-/F+qQ0Fr0Dr1YvHjX+FCvbba4sQ27RdCPDqmP/si0e1v1GOkbQ3VRBvZPSQM7NoQ3iz3SyiJVscCP2f0vKuIhQ==

"@types/js-yaml@^3.12.1":
  version "3.12.1"
  resolved "https://registry.yarnpkg.com/@types/js-yaml/-/js-yaml-3.12.1.tgz#5c6f4a1eabca84792fbd916f0cb40847f123c656"
  integrity sha512-SGGAhXLHDx+PK4YLNcNGa6goPf9XRWQNAUUbffkwVGGXIxmDKWyGGL4inzq2sPmExu431Ekb9aEMn9BkPqEYFA==

"@types/prettier@^1.18.3":
  version "1.18.3"
  resolved "https://registry.yarnpkg.com/@types/prettier/-/prettier-1.18.3.tgz#64ff53329ce16139f17c3db9d3e0487199972cd8"
  integrity sha512-48rnerQdcZ26odp+HOvDGX8IcUkYOCuMc2BodWYTe956MqkHlOGAG4oFQ83cjZ0a4GAgj7mb4GUClxYd2Hlodg==

argparse@^1.0.7:
  version "1.0.10"
  resolved "https://registry.yarnpkg.com/argparse/-/argparse-1.0.10.tgz#bcd6791ea5ae09725e17e5ad988134cd40b3d911"
  integrity sha512-o5Roy6tNG4SL/FOkCAN6RzjiakZS25RLYFrcMttJqbdd8BWrnA+fGz57iN5Pb06pvBGvl5gQ0B48dJlslXvoTg==
  dependencies:
    sprintf-js "~1.0.2"

commander@^4.0.0:
  version "4.0.0"
  resolved "https://registry.yarnpkg.com/commander/-/commander-4.0.0.tgz#e782b6afe6a0f1b1408be59429919e1305160e3f"
  integrity sha512-SEa2abMBTZuEjLVYpNrAFoRgxPwG4rXP3+SGY6CM/HZGeDzIA7Pzp+7H3AHDukKEpyy2SoSGGPShKqqfH9T9AQ==

ejs@^2.7.1:
  version "2.7.1"
  resolved "https://registry.yarnpkg.com/ejs/-/ejs-2.7.1.tgz#5b5ab57f718b79d4aca9254457afecd36fa80228"
  integrity sha512-kS/gEPzZs3Y1rRsbGX4UOSjtP/CeJP0CxSNZHYxGfVM/VgLcv0ZqM7C45YyTj2DI2g7+P9Dd24C+IMIg6D0nYQ==

esprima@^4.0.0:
  version "4.0.1"
  resolved "https://registry.yarnpkg.com/esprima/-/esprima-4.0.1.tgz#13b04cdb3e6c5d19df91ab6987a8695619b0aa71"
  integrity sha512-eGuFFw7Upda+g4p+QHvnW0RyTX/SVeJBDM/gCtMARO0cLuT2HcEKnTPvhjV6aGeqrCB/sbNop0Kszm0jsaWU4A==

js-yaml@^3.13.1:
  version "3.13.1"
  resolved "https://registry.yarnpkg.com/js-yaml/-/js-yaml-3.13.1.tgz#aff151b30bfdfa8e49e05da22e7415e9dfa37847"
  integrity sha512-YfbcO7jXDdyj0DGxYVSlSeQNHbD7XPWvrVWeVUujrQEoZzWJIRrCPoyk6kL6IAjAG2IolMK4T0hNUe0HOUs5Jw==
  dependencies:
    argparse "^1.0.7"
    esprima "^4.0.0"

openapi3-ts@^1.3.0:
  version "1.3.0"
  resolved "https://registry.yarnpkg.com/openapi3-ts/-/openapi3-ts-1.3.0.tgz#a6b4a6dda1d037cb826f3230426ce5243c75edb3"
  integrity sha512-Xk3hsB0PzB4dzr/r/FdmK+VfQbZH7lQQ2iipMS1/1eoz1wUvh5R7rmOakYvw0bQJJE6PYrOLx8UHsYmzgTr+YQ==

prettier@^2.2.1:
  version "2.2.1"
  resolved "https://registry.yarnpkg.com/prettier/-/prettier-2.2.1.tgz#795a1a78dd52f073da0cd42b21f9c91381923ff5"
  integrity sha512-PqyhM2yCjg/oKkFPtTGUojv7gnZAoG80ttl45O6x2Ug/rMJw4wcc9k6aaf2hibP7BGVCCM33gZoGjyvt9mm16Q==

sprintf-js@~1.0.2:
  version "1.0.3"
  resolved "https://registry.yarnpkg.com/sprintf-js/-/sprintf-js-1.0.3.tgz#04e6926f662895354f3dd015203633b857297e2c"
  integrity sha1-BOaSb2YolTVPPdAVIDYzuFcpfiw=

typescript@^3.6.4:
  version "3.6.4"
  resolved "https://registry.yarnpkg.com/typescript/-/typescript-3.6.4.tgz#b18752bb3792bc1a0281335f7f6ebf1bbfc5b91d"
  integrity sha512-unoCll1+l+YK4i4F8f22TaNVPRHcD9PA3yCuZ8g5e0qGqlVlJ/8FSateOLLSagn+Yg5+ZwuPkL8LFUc0Jcvksg==
